
Microsoft Visual Studio Solution File, Format Version 11.00
# Visual Studio 2010
Project("{FAE04EC0-301F-11D3-BF4B-00C04F79EFBC}") = "Assembly-CSharp", "Assembly-CSharp.csproj", "{11AEE1B9-8269-1A0D-C91D-BCDE209B6195}"
EndProject
Project("{FAE04EC0-301F-11D3-BF4B-00C04F79EFBC}") = "Assembly-CSharp-Editor", "Assembly-CSharp-Editor.csproj", "{FA532C2E-F40C-ECE9-A2E8-ED6914DDE26E}"
EndProject
Global
	GlobalSection(SolutionConfigurationPlatforms) = preSolution
		Debug|Any CPU = Debug|Any CPU
		Release|Any CPU = Release|Any CPU
	EndGlobalSection
	GlobalSection(ProjectConfigurationPlatforms) = postSolution
		{11AEE1B9-8269-1A0D-C91D-BCDE209B6195}.Debug|Any CPU.ActiveCfg = Debug|Any CPU
		{11AEE1B9-8269-1A0D-C91D-BCDE209B6195}.Debug|Any CPU.Build.0 = Debug|Any CPU
		{11AEE1B9-8269-1A0D-C91D-BCDE209B6195}.Release|Any CPU.ActiveCfg = Release|Any CPU
		{11AEE1B9-8269-1A0D-C91D-BCDE209B6195}.Release|Any CPU.Build.0 = Release|Any CPU
		{FA532C2E-F40C-ECE9-A2E8-ED6914DDE26E}.Debug|Any CPU.ActiveCfg = Debug|Any CPU
		{FA532C2E-F40C-ECE9-A2E8-ED6914DDE26E}.Debug|Any CPU.Build.0 = Debug|Any CPU
		{FA532C2E-F40C-ECE9-A2E8-ED6914DDE26E}.Release|Any CPU.ActiveCfg = Release|Any CPU
		{FA532C2E-F40C-ECE9-A2E8-ED6914DDE26E}.Release|Any CPU.Build.0 = Release|Any CPU
	EndGlobalSection
	GlobalSection(SolutionProperties) = preSolution
		HideSolutionNode = FALSE
	EndGlobalSection
EndGlobal
